
Microsoft Visual Studio Solution File, Format Version 12.00
# Visual Studio Express 15 for Windows Desktop
VisualStudioVersion = 15.0.27130.2024
MinimumVisualStudioVersion = 10.0.40219.1
Project("{FAE04EC0-301F-11D3-BF4B-00C04F79EFBC}") = "Lamp", "Lamp\Lamp.csproj", "{45467CDC-685C-46AB-92C6-68E2C46EDF84}"
EndProject
Global
	GlobalSection(SolutionConfigurationPlatforms) = preSolution
		Debug|Any CPU = Debug|Any CPU
		Release|Any CPU = Release|Any CPU
	EndGlobalSection
	GlobalSection(ProjectConfigurationPlatforms) = postSolution
		{45467CDC-685C-46AB-92C6-68E2C46EDF84}.Debug|Any CPU.ActiveCfg = Debug|Any CPU
		{45467CDC-685C-46AB-92C6-68E2C46EDF84}.Debug|Any CPU.Build.0 = Debug|Any CPU
		{45467CDC-685C-46AB-92C6-68E2C46EDF84}.Release|Any CPU.ActiveCfg = Release|Any CPU
		{45467CDC-685C-46AB-92C6-68E2C46EDF84}.Release|Any CPU.Build.0 = Release|Any CPU
	EndGlobalSection
	GlobalSection(SolutionProperties) = preSolution
		HideSolutionNode = FALSE
	EndGlobalSection
	GlobalSection(ExtensibilityGlobals) = postSolution
		SolutionGuid = {547E0E7C-FCD5-4E55-BACE-A90404BF15AB}
	EndGlobalSection
EndGlobal
